
Microsoft Visual Studio Solution File, Format Version 12.00
# Visual Studio Version 17
VisualStudioVersion = 17.0.32014.148
MinimumVisualStudioVersion = 10.0.40219.1
Project("{FAE04EC0-301F-11D3-BF4B-00C04F79EFBC}") = "Problem41-ProjectEuler", "Problem41-ProjectEuler\Problem41-ProjectEuler.csproj", "{11F44160-7C0D-4A7D-BA0B-B2193D11873B}"
EndProject
Global
	GlobalSection(SolutionConfigurationPlatforms) = preSolution
		Debug|Any CPU = Debug|Any CPU
		Release|Any CPU = Release|Any CPU
	EndGlobalSection
	GlobalSection(ProjectConfigurationPlatforms) = postSolution
		{11F44160-7C0D-4A7D-BA0B-B2193D11873B}.Debug|Any CPU.ActiveCfg = Debug|Any CPU
		{11F44160-7C0D-4A7D-BA0B-B2193D11873B}.Debug|Any CPU.Build.0 = Debug|Any CPU
		{11F44160-7C0D-4A7D-BA0B-B2193D11873B}.Release|Any CPU.ActiveCfg = Release|Any CPU
		{11F44160-7C0D-4A7D-BA0B-B2193D11873B}.Release|Any CPU.Build.0 = Release|Any CPU
	EndGlobalSection
	GlobalSection(SolutionProperties) = preSolution
		HideSolutionNode = FALSE
	EndGlobalSection
	GlobalSection(ExtensibilityGlobals) = postSolution
		SolutionGuid = {39BB466D-E102-4860-A0DA-2F72F81FAC61}
	EndGlobalSection
EndGlobal
